lockfileVersion: '9.0'

settings:
  autoInstallPeers: true
  excludeLinksFromLockfile: false

importers:

  .:
    dependencies:
      '@schedule-x/calendar':
        specifier: ^4.6.0
        version: 4.6.0(@preact/signals@2.9.1(preact@10.29.2))(preact@10.29.2)(temporal-polyfill@0.3.0)
      '@schedule-x/theme-default':
        specifier: ^4.6.0
        version: 4.6.0
    devDependencies:
      '@rollup/plugin-node-resolve':
        specifier: ^16.0.3
        version: 16.0.3(rollup@4.61.1)
      '@rollup/plugin-terser':
        specifier: ^1.0.0
        version: 1.0.0(rollup@4.61.1)
      '@rollup/plugin-typescript':
        specifier: ^12.3.0
        version: 12.3.0(rollup@4.61.1)(tslib@2.8.1)(typescript@6.0.3)
      custom-card-helpers:
        specifier: ^2.0.0
        version: 2.0.0(lit@3.3.3)
      lit:
        specifier: ^3.0.0
        version: 3.3.3
      rollup:
        specifier: ^4.61.1
        version: 4.61.1
      rollup-plugin-import-css:
        specifier: ^4.2.1
        version: 4.2.1(rollup@4.61.1)
      tslib:
        specifier: ^2.0.0
        version: 2.8.1
      typescript:
        specifier: ^6.0.3
        version: 6.0.3

packages:

  '@formatjs/fast-memoize@3.1.5':
    resolution: {integrity: sha512-KLi3fan6WnCHmigd9pmEEN8Hid0v4wiFBW576M/d07KMWYecf1CvyMI3n34vCmHT4AoVqG2n702kiHbXjzZX2A==}

  '@formatjs/icu-messageformat-parser@3.5.10':
    resolution: {integrity: sha512-XeJihYLy1lCe19xfK1KWKG/betBOK2rB0luL8lSkjfvJj0zP+LTJvkC+RKd0jsFI8mWxN71LrarHSrEXE8xxOQ==}

  '@formatjs/icu-skeleton-parser@2.1.9':
    resolution: {integrity: sha512-rsxswgHMfU1zUgB2byc08fesf83wLGjFnzLCEtuf00mx2doiqc6pYrf67raI37XqdRcGUviQepk2UKGqpng74Q==}

  '@formatjs/intl-utils@3.8.4':
    resolution: {integrity: sha512-j5C6NyfKevIxsfLK8KwO1C0vvP7k1+h4A9cFpc+cr6mEwCc1sPkr17dzh0Ke6k9U5pQccAQoXdcNBl3IYa4+ZQ==}
    deprecated: the package is rather renamed to @formatjs/ecma-abstract with some changes in functionality (primarily selectUnit is removed and we don't plan to make any further changes to this package

  '@jridgewell/gen-mapping@0.3.13':
    resolution: {integrity: sha512-2kkt/7niJ6MgEPxF0bYdQ6etZaA+fQvDcLKckhy1yIQOzaoKjBBjSj63/aLVjYE3qhRt5dvM+uUyfCg6UKCBbA==}

  '@jridgewell/resolve-uri@3.1.2':
    resolution: {integrity: sha512-bRISgCIjP20/tbWSPWMEi54QVPRZExkuD9lJL+UIxUKtwVJA8wW1Trb1jMs1RFXo1CBTNZ/5hpC9QvmKWdopKw==}
    engines: {node: '>=6.0.0'}

  '@jridgewell/source-map@0.3.11':
    resolution: {integrity: sha512-ZMp1V8ZFcPG5dIWnQLr3NSI1MiCU7UETdS/A0G8V/XWHvJv3ZsFqutJn1Y5RPmAPX6F3BiE397OqveU/9NCuIA==}

  '@jridgewell/sourcemap-codec@1.5.5':
    resolution: {integrity: sha512-cYQ9310grqxueWbl+WuIUIaiUaDcj7WOq5fVhEljNVgRfOUhY9fy2zTvfoqWsnebh8Sl70VScFbICvJnLKB0Og==}

  '@jridgewell/trace-mapping@0.3.31':
    resolution: {integrity: sha512-zzNR+SdQSDJzc8joaeP8QQoCQr8NuYx2dIIytl1QeBEZHJ9uW6hebsrYgbz8hJwUQao3TWCMtmfV8Nu1twOLAw==}

  '@lit-labs/ssr-dom-shim@1.6.0':
    resolution: {integrity: sha512-VHb0ALPMTlgKjM6yIxxoQNnpKyUKLD04VzeQdsiXkMqkvYlAHxq9glGLmgbb889/1GsohSOAjvQYoiBppXFqrQ==}

  '@lit/reactive-element@2.1.2':
    resolution: {integrity: sha512-pbCDiVMnne1lYUIaYNN5wrwQXDtHaYtg7YEFPeW+hws6U47WeFvISGUWekPGKWOP1ygrs0ef0o1VJMk1exos5A==}

  '@preact/signals-core@1.14.2':
    resolution: {integrity: sha512-RZHdBj9ZF4n40Rp4jS052EHHjBWf96P9oNdXPfhQTovCuWY9iQn3Gq+gOTJSgBO9A/JBuPfMOWsSX/lIU9Pc/A==}

  '@preact/signals@2.9.1':
    resolution: {integrity: sha512-xVqN8mJjbSN5IB/8Ubmd9NN+Ew6zJswoRxrjZbH3YsgkMshFeO6d8zxEFpHRTq9GJZx7cnPs2CnCpFqtGXGNsw==}
    peerDependencies:
      preact: '>= 10.25.0 || >=11.0.0-0'

  '@rollup/plugin-node-resolve@16.0.3':
    resolution: {integrity: sha512-lUYM3UBGuM93CnMPG1YocWu7X802BrNF3jW2zny5gQyLQgRFJhV1Sq0Zi74+dh/6NBx1DxFC4b4GXg9wUCG5Qg==}
    engines: {node: '>=14.0.0'}
    peerDependencies:
      rollup: ^2.78.0||^3.0.0||^4.0.0
    peerDependenciesMeta:
      rollup:
        optional: true

  '@rollup/plugin-terser@1.0.0':
    resolution: {integrity: sha512-FnCxhTBx6bMOYQrar6C8h3scPt8/JwIzw3+AJ2K++6guogH5fYaIFia+zZuhqv0eo1RN7W1Pz630SyvLbDjhtQ==}
    engines: {node: '>=20.0.0'}
    peerDependencies:
      rollup: ^2.0.0||^3.0.0||^4.0.0
    peerDependenciesMeta:
      rollup:
        optional: true

  '@rollup/plugin-typescript@12.3.0':
    resolution: {integrity: sha512-7DP0/p7y3t67+NabT9f8oTBFE6gGkto4SA6Np2oudYmZE/m1dt8RB0SjL1msMxFpLo631qjRCcBlAbq1ml/Big==}
    engines: {node: '>=14.0.0'}
    peerDependencies:
      rollup: ^2.14.0||^3.0.0||^4.0.0
      tslib: '*'
      typescript: '>=3.7.0'
    peerDependenciesMeta:
      rollup:
        optional: true
      tslib:
        optional: true

  '@rollup/pluginutils@5.4.0':
    resolution: {integrity: sha512-MfPp06CjRLfXQ3wY0R8vJDYBy/MvVcc9OulEfR0B8Iv9ko+GCNaRZ+EpJYFl27LhKsZK0o420sYCRHCjfCgeUg==}
    engines: {node: '>=14.0.0'}
    peerDependencies:
      rollup: ^1.20.0||^2.0.0||^3.0.0||^4.0.0
    peerDependenciesMeta:
      rollup:
        optional: true

  '@rollup/rollup-android-arm-eabi@4.61.1':
    resolution: {integrity: sha512-JnBB8MdXj45cajvTuO5FmPlvFVJRQgvrz1uSEl3NwqFnReAPGwb8EanbGi4z2nRaqLzjJSv5/JmycoTKlRZxHA==}
    cpu: [arm]
    os: [android]

  '@rollup/rollup-android-arm64@4.61.1':
    resolution: {integrity: sha512-Jx2g7iSjw4AOT0HDPHM9RV3GNjRXwybWtSFZiZAYUTjUwjVrYIwq3kBf+LnhqJlzXFAqTAh2F7IGI+O568exPw==}
    cpu: [arm64]
    os: [android]

  '@rollup/rollup-darwin-arm64@4.61.1':
    resolution: {integrity: sha512-0F1L/Z3Eqv8mT2n3dCpeO8GcTvHvVqkP5/t6DMsn0KzhYVcg+s7Ncl5DS8qjKYEeio6Az0Gt6nyBORay5qIlCA==}
    cpu: [arm64]
    os: [darwin]

  '@rollup/rollup-darwin-x64@4.61.1':
    resolution: {integrity: sha512-qLttcH871ujY4YcVfUSShhOw+CsoTatYz8gRbHO7Bb92QH059/P0y5do1KMs41fY0BpD2x4AJH/gID0zFiqVKQ==}
    cpu: [x64]
    os: [darwin]

  '@rollup/rollup-freebsd-arm64@4.61.1':
    resolution: {integrity: sha512-fUI4RapGE0Oh3mb8mgfvC1O2nU1RpDZUKnDQm3xB1Ipg7C2wTs5Kstz7G2uWK99a8S2yTMq8/P4uycwNa0nJyw==}
    cpu: [arm64]
    os: [freebsd]

  '@rollup/rollup-freebsd-x64@4.61.1':
    resolution: {integrity: sha512-H5YrdvJaDtI/U9/emrD4b++xkvp3y/JvOe4rizHbxvkyMfRS/CiRYdji+Pl8D0brEaNFWUh1drQxgAGIl6Xudw==}
    cpu: [x64]
    os: [freebsd]

  '@rollup/rollup-linux-arm-gnueabihf@4.61.1':
    resolution: {integrity: sha512-Q8CBCCQtDFrYtXoeUXSrnFXKOnyUhx6bz+SkL6A0E7V8kAiCJ5pamq1WtbfpVGhR5TSpXY6ak3avmDc5fHTyJA==}
    cpu: [arm]
    os: [linux]

  '@rollup/rollup-linux-arm-musleabihf@4.61.1':
    resolution: {integrity: sha512-nwnhk1581l0FBVellGcVCAT0Oi06onEA3WB53sf01VO3I0UPBkMH9sXONYME2K0ovXcNayJfNtHfm6mpJElatQ==}
    cpu: [arm]
    os: [linux]

  '@rollup/rollup-linux-arm64-gnu@4.61.1':
    resolution: {integrity: sha512-x5Xr49hwt3hdW75UOZm3395YwwzPyauktslv29KpWL/T+vVAzoT3azLcTWv0eMciBNrx+DYjH4paehHoLpPvpg==}
    cpu: [arm64]
    os: [linux]

  '@rollup/rollup-linux-arm64-musl@4.61.1':
    resolution: {integrity: sha512-unMS3H73DpaoPyyEVPjGKleM/s0mkmsauTENpw4INQY8y4+IuLNjkueQ5QCtC0D3N38Y38yhAU8OoZ20S2Tm6w==}
    cpu: [arm64]
    os: [linux]

  '@rollup/rollup-linux-loong64-gnu@4.61.1':
    resolution: {integrity: sha512-zNZzGRnAhwjFEYmvphJRV5XaQGjs62cCmeYYHUT//NbvEnHauw+I85nGG+SiVg5ld4GX8D1IbKIX+ozITQnhMQ==}
    cpu: [loong64]
    os: [linux]

  '@rollup/rollup-linux-loong64-musl@4.61.1':
    resolution: {integrity: sha512-LdpWGL8X209B2SIvWjqlc8VZgM6PKfontSerGepuldQmHYrAOtnMCXeJkxXGbC+PPZVOuu5czJo7fNV6aeW8rQ==}
    cpu: [loong64]
    os: [linux]

  '@rollup/rollup-linux-ppc64-gnu@4.61.1':
    resolution: {integrity: sha512-EC5kTtNaNGOmbMGqar8dvJy6y/hg99GAwjfBz++pxZhQATXGcRjd6c5en5wcbru0vkRmiMGsQKdMJOOf6sza4g==}
    cpu: [ppc64]
    os: [linux]

  '@rollup/rollup-linux-ppc64-musl@4.61.1':
    resolution: {integrity: sha512-8hiwp6D4acEcNK78I4rP0/XtS1sknWIAMJBPdR4l6zUtyTm5KiTDr5bXmWt4foY7nAN7AThDHgkLIEZOWKbzWw==}
    cpu: [ppc64]
    os: [linux]

  '@rollup/rollup-linux-riscv64-gnu@4.61.1':
    resolution: {integrity: sha512-10dh/h/BqA7DuMPWSxkR8uks18FRwnwOEqr5zOTEl+NOwP/OMzKX8OFR/Of9xxDA7D5qef1Nzar5WDD2kCCr1g==}
    cpu: [riscv64]
    os: [linux]

  '@rollup/rollup-linux-riscv64-musl@4.61.1':
    resolution: {integrity: sha512-YKJ5lg35DP17gcAOggnihe+APw9HLyj1Xn7gsmGumBJAUDa6NGXNixJzmkWLhcK9TOuuyQjdamzvJefkO7qHZQ==}
    cpu: [riscv64]
    os: [linux]

  '@rollup/rollup-linux-s390x-gnu@4.61.1':
    resolution: {integrity: sha512-Mlil5G2Jj6a7B3LWGctg+XPL9vdXYuzCtNXfxOQ0nPjc2m6ueUktocPGH9bnAM0bNRKb/bAWTujUU7IJQdQA+g==}
    cpu: [s390x]
    os: [linux]

  '@rollup/rollup-linux-x64-gnu@4.61.1':
    resolution: {integrity: sha512-bVWIOIk6pV01p4CdUbPP7CJ/434z+OooYjDuFcR+44N35YvKUC66G8MGnvcWx5mWKW3g61J+t74l3Kj15Kwn2Q==}
    cpu: [x64]
    os: [linux]

  '@rollup/rollup-linux-x64-musl@4.61.1':
    resolution: {integrity: sha512-qy5pBvZbqNFheBz61R1rzsezjm0J7O2oNGoWtGoY89SZYLUfxAJTBAqDChqAIdB4rCiIbi9nF7yZ83GnNiLwSw==}
    cpu: [x64]
    os: [linux]

  '@rollup/rollup-openbsd-x64@4.61.1':
    resolution: {integrity: sha512-E83TXjI4zm0+5f2qO+UOudaCYIhYwpJ5jq6YCZNIZ+6CbfhKrkAGezeiASBL9ElxAxFsRS9ZhESv8mfnj6TKeg==}
    cpu: [x64]
    os: [openbsd]

  '@rollup/rollup-openharmony-arm64@4.61.1':
    resolution: {integrity: sha512-fbWnKqVkjrJN38vNe3ahkbk6iejS/3b0Nt7EEtPpE6RBacZcGXNKbzfHN3GUUlXOPghUg0j6XUGrtjX9z1sIvA==}
    cpu: [arm64]
    os: [openharmony]

  '@rollup/rollup-win32-arm64-msvc@4.61.1':
    resolution: {integrity: sha512-ArMl38iVAbk0New1ogihQNY6iphLi4ZaRsa037gUzv5yeKPY8TD3Dmy4x2RNC1VztU/uqm+G+/RwFrSka3Oy2g==}
    cpu: [arm64]
    os: [win32]

  '@rollup/rollup-win32-ia32-msvc@4.61.1':
    resolution: {integrity: sha512-0mYtjHS9ucAbcATycCNK9IGBk/cCe/ma7EmSLGZdsxnOA8cjRIyU04wDpVAD9NiOfLUR9KTxdiO53uOkherqjQ==}
    cpu: [ia32]
    os: [win32]

  '@rollup/rollup-win32-x64-gnu@4.61.1':
    resolution: {integrity: sha512-gK1iCEPfpoSG9wfBihXxvBMi8ZfcWffYkEsC/Eih+iFENTaewvNcrEQ69lIOWYO5pePHKLHHO7nq5AILGO/HQQ==}
    cpu: [x64]
    os: [win32]

  '@rollup/rollup-win32-x64-msvc@4.61.1':
    resolution: {integrity: sha512-X+zaP2x+j4RXGfbp/seSoRHWnPxzApilDszisZxbYH5C/jTxFhCtDNdPGZb9lJyYPs24wGxruPF7Y+sIXt9Gzw==}
    cpu: [x64]
    os: [win32]

  '@schedule-x/calendar@4.6.0':
    resolution: {integrity: sha512-8Rf5bUf0DVphJB2BaudtG4IHkw21wgMJiiuk5o+7SIOq6YH4hkVJo+Kk12pWSfp2KTZ9mnnUuLV+szBVhiEPlg==}
    peerDependencies:
      '@preact/signals': ^2.0.2
      preact: ^10.19.2
      temporal-polyfill: 0.3.0

  '@schedule-x/theme-default@4.6.0':
    resolution: {integrity: sha512-SM3bcvROJeG7ScH14lBIHZSTOBTR8h+oTswbpx1gpscddUfQfAnu7cFW4OJJI+ii+Si1IdTd4T3+rrnKd4HDDg==}

  '@types/estree@1.0.9':
    resolution: {integrity: sha512-GhdPgy1el4/ImP05X05Uw4cw2/M93BCUmnEvWZNStlCzEKME4Fkk+YpoA5OiHNQmoS7Cafb8Xa3Pya8m1Qrzeg==}

  '@types/resolve@1.20.2':
    resolution: {integrity: sha512-60BCwRFOZCQhDncwQdxxeOEEkbc5dIMccYLwbxsS4TUNeVECQ/pBJ0j09mrHOl/JJvpRPGwO9SvE4nR2Nb/a4Q==}

  '@types/trusted-types@2.0.7':
    resolution: {integrity: sha512-ScaPdn1dQczgbl0QFTeTOmVHFULt394XJgOQNoyVhZ6r2vLnMLJfBPd53SB52T/3G36VI1/g2MZaX0cwDuXsfw==}

  acorn@8.16.0:
    resolution: {integrity: sha512-UVJyE9MttOsBQIDKw1skb9nAwQuR5wuGD3+82K6JgJlm/Y+KI92oNsMNGZCYdDsVtRHSak0pcV5Dno5+4jh9sw==}
    engines: {node: '>=0.4.0'}
    hasBin: true

  buffer-from@1.1.2:
    resolution: {integrity: sha512-E+XQCRwSbaaiChtv6k6Dwgc+bx+Bs6vuKJHHl5kox/BaKbhiXzqQOwK4cO22yElGp2OCmjwVhT3HmxgyPGnJfQ==}

  commander@2.20.3:
    resolution: {integrity: sha512-GpVkmM8vF2vQUkj2LvZmD35JxeJOLCwJ9cUkugyk2nuhbv3+mJvpLYYt+0+USMxE+oj+ey/lJEnhZw75x/OMcQ==}

  custom-card-helpers@2.0.0:
    resolution: {integrity: sha512-TrWc9lybHFrbdZFv1kzKaiFY/vYon08N1k4iUS8EDLIJObWP0K+B1lU0XCAG6Q/3euAyM5nn1QjUSvcnCYpNtg==}
    engines: {node: '>=24', npm: '>=11'}
    peerDependencies:
      lit: '>=3.0.0'

  deepmerge@4.3.1:
    resolution: {integrity: sha512-3sUqbMEc77XqpdNO7FRyRog+eW3ph+GYCbj+rK+uYyRMuwsVy0rMiVtPn+QJlKFvWP/1PYpapqYn0Me2knFn+A==}
    engines: {node: '>=0.10.0'}

  emojis-list@3.0.0:
    resolution: {integrity: sha512-/kyM18EfinwXZbno9FyUGeFh87KC8HRQBQGildHZbEuRyWFOmv1U10o9BBp8XVZDVNNuQKyIGIu5ZYAAXJ0V2Q==}
    engines: {node: '>= 4'}

  es-errors@1.3.0:
    resolution: {integrity: sha512-Zf5H2Kxt2xjTvbJvP2ZWLEICxA6j+hAmMzIlypy4xcBg1vKVnx89Wy0GbS+kf5cwCVFFzdCFh2XSCFNULS6csw==}
    engines: {node: '>= 0.4'}

  estree-walker@2.0.2:
    resolution: {integrity: sha512-Rfkk/Mp/DL7JVje3u18FxFujQlTNR2q6QfMSMB7AvCBx91NGj/ba3kCfza0f6dVDbw7YlRf/nDrn7pQrCCyQ/w==}

  fsevents@2.3.3:
    resolution: {integrity: sha512-5xoDfX+fL7faATnagmWPpbFtwh/R77WmMMqqHGS65C3vvB0YHrgF+B1YmZ3441tMj5n63k0212XNoJwzlhffQw==}
    engines: {node: ^8.16.0 || ^10.6.0 || >=11.0.0}
    os: [darwin]

  function-bind@1.1.2:
    resolution: {integrity: sha512-7XHNxH7qX9xG5mIwxkhumTox/MIRNcOgDrxWsMt2pAr23WHp6MrRlN7FBSFpCpr+oVO0F744iUgR82nJMfG2SA==}

  hasown@2.0.4:
    resolution: {integrity: sha512-T2UbfbBEF32wiepXIsMlTW9+dDYC6wMh/t/vYA4tuOMKqWz/n3vr1NFSxQiyP+zk2mXsoMA/i/7qV6LKut1t1A==}
    engines: {node: '>= 0.4'}

  home-assistant-js-websocket@9.6.0:
    resolution: {integrity: sha512-TK8HWW6UjCsUdjIBQRB2sBbEya0VniOBFqFjgqSznJiB7YriNgN8jghyThxOkgxwrnt2eN6oWoZMCTSp1o7H+w==}

  intl-messageformat@11.2.7:
    resolution: {integrity: sha512-+q6Ktg119nULZEpZ8YTuGOst9MyEzFtjD63FTGBlN1mLz0Z/MOUYDIvnpVKwq17eezIEh+cfJIebfJoCetpiNw==}

  is-core-module@2.16.2:
    resolution: {integrity: sha512-evOr8xfXKxE6qSR0hSXL2r3sd7ALj8+7jQEUvPYcm5sgZFdJ+AYzT6yNmJenvIYQBgIGwfwz08sL8zoL7yq2BA==}
    engines: {node: '>= 0.4'}

  is-module@1.0.0:
    resolution: {integrity: sha512-51ypPSPCoTEIN9dy5Oy+h4pShgJmPCygKfyRCISBI+JoWT/2oJvK8QPxmwv7b/p239jXrm9M1mlQbyKJ5A152g==}

  lit-element@4.2.2:
    resolution: {integrity: sha512-aFKhNToWxoyhkNDmWZwEva2SlQia+jfG0fjIWV//YeTaWrVnOxD89dPKfigCUspXFmjzOEUQpOkejH5Ly6sG0w==}

  lit-html@3.3.3:
    resolution: {integrity: sha512-el8M6jK2o3RXBnrSHX3ZKrsN8zEV63pSExTO1wYJz7QndGYZ8353e2a5PPX+qHe2aGayfnchQmkAojaWAREOIA==}

  lit@3.3.3:
    resolution: {integrity: sha512-fycuvZg/hkpozL00lm1pEJH5nN/lr9ZXd6mJI2HSN4+Bzc+LDNdEApJ6HFbPkdFNHLvOplIIuJvxkS4XUxqirw==}

  path-parse@1.0.7:
    resolution: {integrity: sha512-LDJzPVEEEPR+y48z93A0Ed0yXb8pAByGWo/k5YYdYgpY2/2EsOsksJrq7lOHxryrVOn1ejG6oAp8ahvOIQD8sw==}

  picomatch@4.0.4:
    resolution: {integrity: sha512-QP88BAKvMam/3NxH6vj2o21R6MjxZUAd6nlwAS/pnGvN9IVLocLHxGYIzFhg6fUQ+5th6P4dv4eW9jX3DSIj7A==}
    engines: {node: '>=12'}

  preact@10.29.2:
    resolution: {integrity: sha512-7tNmwg/7mzzAoB/8kSg6Hl37JraAZw3Z3A0JSY7VXlZwo82Xn0G7wKbNNs2qoF4ZEEsQGTwDAroNdqKs1ofJxQ==}

  resolve@1.22.12:
    resolution: {integrity: sha512-TyeJ1zif53BPfHootBGwPRYT1RUt6oGWsaQr8UyZW/eAm9bKoijtvruSDEmZHm92CwS9nj7/fWttqPCgzep8CA==}
    engines: {node: '>= 0.4'}
    hasBin: true

  rollup-plugin-import-css@4.2.1:
    resolution: {integrity: sha512-X0TbADEYeCWx0ULS3d9I2vRHT9smhSDkCol8bTCDyI0pAJAZStK0EGo9c4i9hUbOoPeTgWE+hcUjm0V/GoseUQ==}
    engines: {node: '>=16'}
    peerDependencies:
      rollup: ^2.x.x || ^3.x.x || ^4.x.x

  rollup@4.61.1:
    resolution: {integrity: sha512-I4KW6iuRpuu2uHBLraZ1wNZe0DP7lnRha+VJ9tNaYVaVgKhW0aI3h4RYnoRPeql0flHm/Co55b7snEDcOfOJrA==}
    engines: {node: '>=18.0.0', npm: '>=8.0.0'}
    hasBin: true

  serialize-javascript@7.0.5:
    resolution: {integrity: sha512-F4LcB0UqUl1zErq+1nYEEzSHJnIwb3AF2XWB94b+afhrekOUijwooAYqFyRbjYkm2PAKBabx6oYv/xDxNi8IBw==}
    engines: {node: '>=20.0.0'}

  smob@1.6.2:
    resolution: {integrity: sha512-RQsvleCbF8cVHEv+xuDGaA4pOizFqJ0GgjtMSRo6oP8pnN7WsigHgVGey6aILRBKv4W2YOMHLqbKdnB6hpB9fw==}
    engines: {node: '>=20.0.0'}

  source-map-support@0.5.21:
    resolution: {integrity: sha512-uBHU3L3czsIyYXKX88fdrGovxdSCoTGDRZ6SYXtSRxLZUzHg5P/66Ht6uoUlHu9EZod+inXhKo3qQgwXUT/y1w==}

  source-map@0.6.1:
    resolution: {integrity: sha512-UjgapumWlbMhkBgzT7Ykc5YXUT46F0iKu8SGXq0bcwP5dz/h0Plj6enJqjz1Zbq2l5WaqYnrVbwWOWMyF3F47g==}
    engines: {node: '>=0.10.0'}

  superstruct@2.0.2:
    resolution: {integrity: sha512-uV+TFRZdXsqXTL2pRvujROjdZQ4RAlBUS5BTh9IGm+jTqQntYThciG/qu57Gs69yjnVUSqdxF9YLmSnpupBW9A==}
    engines: {node: '>=14.0.0'}

  supports-preserve-symlinks-flag@1.0.0:
    resolution: {integrity: sha512-ot0WnXS9fgdkgIcePe6RHNk1WA8+muPa6cSjeR3V8K27q9BB1rTE3R1p7Hv0z1ZyAc8s6Vvv8DIyWf681MAt0w==}
    engines: {node: '>= 0.4'}

  temporal-polyfill@0.3.0:
    resolution: {integrity: sha512-qNsTkX9K8hi+FHDfHmf22e/OGuXmfBm9RqNismxBrnSmZVJKegQ+HYYXT+R7Ha8F/YSm2Y34vmzD4cxMu2u95g==}

  temporal-spec@0.3.0:
    resolution: {integrity: sha512-n+noVpIqz4hYgFSMOSiINNOUOMFtV5cZQNCmmszA6GiVFVRt3G7AqVyhXjhCSmowvQn+NsGn+jMDMKJYHd3bSQ==}

  terser@5.48.0:
    resolution: {integrity: sha512-J/9An6vs9Us6wKRriSFXBWdRZapREHqFzdNUKk0pmu804EMR6dr6winwo7e5JDxN4xahxQsuysyYFwlwj4XN/Q==}
    engines: {node: '>=10'}
    hasBin: true

  tslib@2.8.1:
    resolution: {integrity: sha512-oJFu94HQb+KVduSUQL7wnpmqnfmLsOA/nAh6b6EH0wCEoK0/mPeXU6c3wKDV83MkOuHPRHtSXKKU99IBazS/2w==}

  typescript@6.0.3:
    resolution: {integrity: sha512-y2TvuxSZPDyQakkFRPZHKFm+KKVqIisdg9/CZwm9ftvKXLP8NRWj38/ODjNbr43SsoXqNuAisEf1GdCxqWcdBw==}
    engines: {node: '>=14.17'}
    hasBin: true

snapshots:

  '@formatjs/fast-memoize@3.1.5': {}

  '@formatjs/icu-messageformat-parser@3.5.10':
    dependencies:
      '@formatjs/icu-skeleton-parser': 2.1.9

  '@formatjs/icu-skeleton-parser@2.1.9': {}

  '@formatjs/intl-utils@3.8.4':
    dependencies:
      emojis-list: 3.0.0

  '@jridgewell/gen-mapping@0.3.13':
    dependencies:
      '@jridgewell/sourcemap-codec': 1.5.5
      '@jridgewell/trace-mapping': 0.3.31

  '@jridgewell/resolve-uri@3.1.2': {}

  '@jridgewell/source-map@0.3.11':
    dependencies:
      '@jridgewell/gen-mapping': 0.3.13
      '@jridgewell/trace-mapping': 0.3.31

  '@jridgewell/sourcemap-codec@1.5.5': {}

  '@jridgewell/trace-mapping@0.3.31':
    dependencies:
      '@jridgewell/resolve-uri': 3.1.2
      '@jridgewell/sourcemap-codec': 1.5.5

  '@lit-labs/ssr-dom-shim@1.6.0': {}

  '@lit/reactive-element@2.1.2':
    dependencies:
      '@lit-labs/ssr-dom-shim': 1.6.0

  '@preact/signals-core@1.14.2': {}

  '@preact/signals@2.9.1(preact@10.29.2)':
    dependencies:
      '@preact/signals-core': 1.14.2
      preact: 10.29.2

  '@rollup/plugin-node-resolve@16.0.3(rollup@4.61.1)':
    dependencies:
      '@rollup/pluginutils': 5.4.0(rollup@4.61.1)
      '@types/resolve': 1.20.2
      deepmerge: 4.3.1
      is-module: 1.0.0
      resolve: 1.22.12
    optionalDependencies:
      rollup: 4.61.1

  '@rollup/plugin-terser@1.0.0(rollup@4.61.1)':
    dependencies:
      serialize-javascript: 7.0.5
      smob: 1.6.2
      terser: 5.48.0
    optionalDependencies:
      rollup: 4.61.1

  '@rollup/plugin-typescript@12.3.0(rollup@4.61.1)(tslib@2.8.1)(typescript@6.0.3)':
    dependencies:
      '@rollup/pluginutils': 5.4.0(rollup@4.61.1)
      resolve: 1.22.12
      typescript: 6.0.3
    optionalDependencies:
      rollup: 4.61.1
      tslib: 2.8.1

  '@rollup/pluginutils@5.4.0(rollup@4.61.1)':
    dependencies:
      '@types/estree': 1.0.9
      estree-walker: 2.0.2
      picomatch: 4.0.4
    optionalDependencies:
      rollup: 4.61.1

  '@rollup/rollup-android-arm-eabi@4.61.1':
    optional: true

  '@rollup/rollup-android-arm64@4.61.1':
    optional: true

  '@rollup/rollup-darwin-arm64@4.61.1':
    optional: true

  '@rollup/rollup-darwin-x64@4.61.1':
    optional: true

  '@rollup/rollup-freebsd-arm64@4.61.1':
    optional: true

  '@rollup/rollup-freebsd-x64@4.61.1':
    optional: true

  '@rollup/rollup-linux-arm-gnueabihf@4.61.1':
    optional: true

  '@rollup/rollup-linux-arm-musleabihf@4.61.1':
    optional: true

  '@rollup/rollup-linux-arm64-gnu@4.61.1':
    optional: true

  '@rollup/rollup-linux-arm64-musl@4.61.1':
    optional: true

  '@rollup/rollup-linux-loong64-gnu@4.61.1':
    optional: true

  '@rollup/rollup-linux-loong64-musl@4.61.1':
    optional: true

  '@rollup/rollup-linux-ppc64-gnu@4.61.1':
    optional: true

  '@rollup/rollup-linux-ppc64-musl@4.61.1':
    optional: true

  '@rollup/rollup-linux-riscv64-gnu@4.61.1':
    optional: true

  '@rollup/rollup-linux-riscv64-musl@4.61.1':
    optional: true

  '@rollup/rollup-linux-s390x-gnu@4.61.1':
    optional: true

  '@rollup/rollup-linux-x64-gnu@4.61.1':
    optional: true

  '@rollup/rollup-linux-x64-musl@4.61.1':
    optional: true

  '@rollup/rollup-openbsd-x64@4.61.1':
    optional: true

  '@rollup/rollup-openharmony-arm64@4.61.1':
    optional: true

  '@rollup/rollup-win32-arm64-msvc@4.61.1':
    optional: true

  '@rollup/rollup-win32-ia32-msvc@4.61.1':
    optional: true

  '@rollup/rollup-win32-x64-gnu@4.61.1':
    optional: true

  '@rollup/rollup-win32-x64-msvc@4.61.1':
    optional: true

  '@schedule-x/calendar@4.6.0(@preact/signals@2.9.1(preact@10.29.2))(preact@10.29.2)(temporal-polyfill@0.3.0)':
    dependencies:
      '@preact/signals': 2.9.1(preact@10.29.2)
      preact: 10.29.2
      temporal-polyfill: 0.3.0

  '@schedule-x/theme-default@4.6.0': {}

  '@types/estree@1.0.9': {}

  '@types/resolve@1.20.2': {}

  '@types/trusted-types@2.0.7': {}

  acorn@8.16.0: {}

  buffer-from@1.1.2: {}

  commander@2.20.3: {}

  custom-card-helpers@2.0.0(lit@3.3.3):
    dependencies:
      '@formatjs/intl-utils': 3.8.4
      home-assistant-js-websocket: 9.6.0
      intl-messageformat: 11.2.7
      lit: 3.3.3
      superstruct: 2.0.2

  deepmerge@4.3.1: {}

  emojis-list@3.0.0: {}

  es-errors@1.3.0: {}

  estree-walker@2.0.2: {}

  fsevents@2.3.3:
    optional: true

  function-bind@1.1.2: {}

  hasown@2.0.4:
    dependencies:
      function-bind: 1.1.2

  home-assistant-js-websocket@9.6.0: {}

  intl-messageformat@11.2.7:
    dependencies:
      '@formatjs/fast-memoize': 3.1.5
      '@formatjs/icu-messageformat-parser': 3.5.10

  is-core-module@2.16.2:
    dependencies:
      hasown: 2.0.4

  is-module@1.0.0: {}

  lit-element@4.2.2:
    dependencies:
      '@lit-labs/ssr-dom-shim': 1.6.0
      '@lit/reactive-element': 2.1.2
      lit-html: 3.3.3

  lit-html@3.3.3:
    dependencies:
      '@types/trusted-types': 2.0.7

  lit@3.3.3:
    dependencies:
      '@lit/reactive-element': 2.1.2
      lit-element: 4.2.2
      lit-html: 3.3.3

  path-parse@1.0.7: {}

  picomatch@4.0.4: {}

  preact@10.29.2: {}

  resolve@1.22.12:
    dependencies:
      es-errors: 1.3.0
      is-core-module: 2.16.2
      path-parse: 1.0.7
      supports-preserve-symlinks-flag: 1.0.0

  rollup-plugin-import-css@4.2.1(rollup@4.61.1):
    dependencies:
      '@rollup/pluginutils': 5.4.0(rollup@4.61.1)
      rollup: 4.61.1

  rollup@4.61.1:
    dependencies:
      '@types/estree': 1.0.9
    optionalDependencies:
      '@rollup/rollup-android-arm-eabi': 4.61.1
      '@rollup/rollup-android-arm64': 4.61.1
      '@rollup/rollup-darwin-arm64': 4.61.1
      '@rollup/rollup-darwin-x64': 4.61.1
      '@rollup/rollup-freebsd-arm64': 4.61.1
      '@rollup/rollup-freebsd-x64': 4.61.1
      '@rollup/rollup-linux-arm-gnueabihf': 4.61.1
      '@rollup/rollup-linux-arm-musleabihf': 4.61.1
      '@rollup/rollup-linux-arm64-gnu': 4.61.1
      '@rollup/rollup-linux-arm64-musl': 4.61.1
      '@rollup/rollup-linux-loong64-gnu': 4.61.1
      '@rollup/rollup-linux-loong64-musl': 4.61.1
      '@rollup/rollup-linux-ppc64-gnu': 4.61.1
      '@rollup/rollup-linux-ppc64-musl': 4.61.1
      '@rollup/rollup-linux-riscv64-gnu': 4.61.1
      '@rollup/rollup-linux-riscv64-musl': 4.61.1
      '@rollup/rollup-linux-s390x-gnu': 4.61.1
      '@rollup/rollup-linux-x64-gnu': 4.61.1
      '@rollup/rollup-linux-x64-musl': 4.61.1
      '@rollup/rollup-openbsd-x64': 4.61.1
      '@rollup/rollup-openharmony-arm64': 4.61.1
      '@rollup/rollup-win32-arm64-msvc': 4.61.1
      '@rollup/rollup-win32-ia32-msvc': 4.61.1
      '@rollup/rollup-win32-x64-gnu': 4.61.1
      '@rollup/rollup-win32-x64-msvc': 4.61.1
      fsevents: 2.3.3

  serialize-javascript@7.0.5: {}

  smob@1.6.2: {}

  source-map-support@0.5.21:
    dependencies:
      buffer-from: 1.1.2
      source-map: 0.6.1

  source-map@0.6.1: {}

  superstruct@2.0.2: {}

  supports-preserve-symlinks-flag@1.0.0: {}

  temporal-polyfill@0.3.0:
    dependencies:
      temporal-spec: 0.3.0

  temporal-spec@0.3.0: {}

  terser@5.48.0:
    dependencies:
      '@jridgewell/source-map': 0.3.11
      acorn: 8.16.0
      commander: 2.20.3
      source-map-support: 0.5.21

  tslib@2.8.1: {}

  typescript@6.0.3: {}
